
Microsoft Visual Studio Solution File, Format Version 12.00
# Visual Studio 2012
Project("{FAE04EC0-301F-11D3-BF4B-00C04F79EFBC}") = "EntitiesLayer", "EntitiesLayer\EntitiesLayer.csproj", "{FD6EAD00-CBF9-4733-B63A-35CFBE93A060}"
EndProject
Project("{FAE04EC0-301F-11D3-BF4B-00C04F79EFBC}") = "FileLayer", "FileLayer\FileLayer.csproj", "{01DE9CD4-83DF-4494-B0E8-094BB1AF49F5}"
EndProject
Project("{FAE04EC0-301F-11D3-BF4B-00C04F79EFBC}") = "BusinessLayer", "BusinessLayer\BusinessLayer.csproj", "{50D9617F-E51B-43AD-9B37-551486CF52F1}"
EndProject
Project("{FAE04EC0-301F-11D3-BF4B-00C04F79EFBC}") = "Test", "Test\Test.csproj", "{E66FF343-0FB8-4F8E-8AAC-BF07BDB4D139}"
EndProject
Project("{FAE04EC0-301F-11D3-BF4B-00C04F79EFBC}") = "GraphicLayer", "GraphicLayer\GraphicLayer.csproj", "{9DBD1549-6EC9-4BFA-81E0-7800FCC91AAF}"
EndProject
Project("{FAE04EC0-301F-11D3-BF4B-00C04F79EFBC}") = "API", "API\API.csproj", "{D6A216CB-BE62-49D8-A0F6-4F51D47B6FB0}"
EndProject
Global
	GlobalSection(SolutionConfigurationPlatforms) = preSolution
		Debug|Any CPU = Debug|Any CPU
		Release|Any CPU = Release|Any CPU
	EndGlobalSection
	GlobalSection(ProjectConfigurationPlatforms) = postSolution
		{FD6EAD00-CBF9-4733-B63A-35CFBE93A060}.Debug|Any CPU.ActiveCfg = Debug|Any CPU
		{FD6EAD00-CBF9-4733-B63A-35CFBE93A060}.Debug|Any CPU.Build.0 = Debug|Any CPU
		{FD6EAD00-CBF9-4733-B63A-35CFBE93A060}.Release|Any CPU.ActiveCfg = Release|Any CPU
		{FD6EAD00-CBF9-4733-B63A-35CFBE93A060}.Release|Any CPU.Build.0 = Release|Any CPU
		{01DE9CD4-83DF-4494-B0E8-094BB1AF49F5}.Debug|Any CPU.ActiveCfg = Debug|Any CPU
		{01DE9CD4-83DF-4494-B0E8-094BB1AF49F5}.Debug|Any CPU.Build.0 = Debug|Any CPU
		{01DE9CD4-83DF-4494-B0E8-094BB1AF49F5}.Release|Any CPU.ActiveCfg = Release|Any CPU
		{01DE9CD4-83DF-4494-B0E8-094BB1AF49F5}.Release|Any CPU.Build.0 = Release|Any CPU
		{50D9617F-E51B-43AD-9B37-551486CF52F1}.Debug|Any CPU.ActiveCfg = Debug|Any CPU
		{50D9617F-E51B-43AD-9B37-551486CF52F1}.Debug|Any CPU.Build.0 = Debug|Any CPU
		{50D9617F-E51B-43AD-9B37-551486CF52F1}.Release|Any CPU.ActiveCfg = Release|Any CPU
		{50D9617F-E51B-43AD-9B37-551486CF52F1}.Release|Any CPU.Build.0 = Release|Any CPU
		{E66FF343-0FB8-4F8E-8AAC-BF07BDB4D139}.Debug|Any CPU.ActiveCfg = Debug|Any CPU
		{E66FF343-0FB8-4F8E-8AAC-BF07BDB4D139}.Debug|Any CPU.Build.0 = Debug|Any CPU
		{E66FF343-0FB8-4F8E-8AAC-BF07BDB4D139}.Release|Any CPU.ActiveCfg = Release|Any CPU
		{E66FF343-0FB8-4F8E-8AAC-BF07BDB4D139}.Release|Any CPU.Build.0 = Release|Any CPU
		{9DBD1549-6EC9-4BFA-81E0-7800FCC91AAF}.Debug|Any CPU.ActiveCfg = Debug|Any CPU
		{9DBD1549-6EC9-4BFA-81E0-7800FCC91AAF}.Debug|Any CPU.Build.0 = Debug|Any CPU
		{9DBD1549-6EC9-4BFA-81E0-7800FCC91AAF}.Release|Any CPU.ActiveCfg = Release|Any CPU
		{9DBD1549-6EC9-4BFA-81E0-7800FCC91AAF}.Release|Any CPU.Build.0 = Release|Any CPU
		{D6A216CB-BE62-49D8-A0F6-4F51D47B6FB0}.Debug|Any CPU.ActiveCfg = Debug|Any CPU
		{D6A216CB-BE62-49D8-A0F6-4F51D47B6FB0}.Debug|Any CPU.Build.0 = Debug|Any CPU
		{D6A216CB-BE62-49D8-A0F6-4F51D47B6FB0}.Release|Any CPU.ActiveCfg = Release|Any CPU
		{D6A216CB-BE62-49D8-A0F6-4F51D47B6FB0}.Release|Any CPU.Build.0 = Release|Any CPU
	EndGlobalSection
	GlobalSection(SolutionProperties) = preSolution
		HideSolutionNode = FALSE
	EndGlobalSection
EndGlobal
